<?xml version="1.0" encoding="utf-8"?>
<Project ToolsVersion="4.0" xmlns="http://schemas.microsoft.com/developer/msbuild/2003">
  <ItemGroup>
    <Filter Include="cpp">
      <UniqueIdentifier>{37f89927-2dad-4ec1-8d7e-dd583412ced8}</UniqueIdentifier>
    </Filter>
    <Filter Include="cpp\Quick-Start">
      <UniqueIdentifier>{3abfb563-bbc9-43c4-884c-8137b3213937}</UniqueIdentifier>
    </Filter>
    <Filter Include="cpp\Loading-and-Saving">
      <UniqueIdentifier>{8d7388cd-c9cf-41dc-b67e-5c36b9c800a5}</UniqueIdentifier>
    </Filter>
    <Filter Include="cpp\Programming-Documents">
      <UniqueIdentifier>{bfa5a298-b540-4946-9e49-edf65a145291}</UniqueIdentifier>
    </Filter>
    <Filter Include="cpp\Programming-Documents\Joining-Appending">
      <UniqueIdentifier>{ba2131a9-cd87-485b-a41c-75a4ba329f22}</UniqueIdentifier>
    </Filter>
    <Filter Include="cpp\Programming-Documents\Find-Replace">
      <UniqueIdentifier>{28f44306-b4e6-40c6-b1e3-31859248c9ed}</UniqueIdentifier>
    </Filter>
    <Filter Include="cpp\Programming-Documents\Bookmarks">
      <UniqueIdentifier>{517851f9-b6f6-44c3-a212-448a02d6ca0f}</UniqueIdentifier>
    </Filter>
    <Filter Include="cpp\Programming-Documents\Sections">
      <UniqueIdentifier>{0862bafe-e271-4000-acda-bc04bc65099a}</UniqueIdentifier>
    </Filter>
    <Filter Include="cpp\Programming-Documents\Document">
      <UniqueIdentifier>{976257a4-765d-4423-9eb3-038ccf455f01}</UniqueIdentifier>
    </Filter>
    <Filter Include="cpp\Programming-Documents\Comments">
      <UniqueIdentifier>{f13b0be0-4be6-47f8-96c7-7a1ca0b38e7d}</UniqueIdentifier>
    </Filter>
    <Filter Include="cpp\Programming-Documents\Tables">
      <UniqueIdentifier>{306865de-3457-43c4-9eb0-8f11c1de65eb}</UniqueIdentifier>
    </Filter>
    <Filter Include="cpp\Programming-Documents\ConvertUtil">
      <UniqueIdentifier>{3bf1f7b7-07cc-46ba-bcfd-3ca666bc6269}</UniqueIdentifier>
    </Filter>
    <Filter Include="cpp\Programming-Documents\Fields">
      <UniqueIdentifier>{25402d6d-5e63-4371-a3da-a14ecb309c65}</UniqueIdentifier>
    </Filter>
    <Filter Include="cpp\Programming-Documents\Images">
      <UniqueIdentifier>{546ed341-9ac0-4e1d-aac1-cd2714f82290}</UniqueIdentifier>
    </Filter>
    <Filter Include="cpp\Programming-Documents\Ranges">
      <UniqueIdentifier>{b580beb6-5dff-409b-9407-22a0703d0557}</UniqueIdentifier>
    </Filter>
    <Filter Include="cpp\Programming-Documents\Node">
      <UniqueIdentifier>{c3086316-7354-45f9-b482-bee74e7515bc}</UniqueIdentifier>
    </Filter>
    <Filter Include="cpp\Programming-Documents\Hyperlink">
      <UniqueIdentifier>{74ca480e-a8c2-465a-a753-d5edd3a1c6c5}</UniqueIdentifier>
    </Filter>
    <Filter Include="cpp\Programming-Documents\Styles">
      <UniqueIdentifier>{373ee074-b3f1-42cd-bfa2-9c711790e43d}</UniqueIdentifier>
    </Filter>
    <Filter Include="cpp\Programming-Documents\Shapes">
      <UniqueIdentifier>{d333f5e8-11c9-4e11-9100-b75dfaf053b9}</UniqueIdentifier>
    </Filter>
    <Filter Include="cpp\Programming-Documents\Theme">
      <UniqueIdentifier>{df82c38e-aa45-4c9f-816a-e5a4e7805e8d}</UniqueIdentifier>
    </Filter>
    <Filter Include="cpp\Programming-Documents\StructuredDocumentTag">
      <UniqueIdentifier>{41d226da-45da-4cfa-9922-b416356cbebc}</UniqueIdentifier>
    </Filter>
    <Filter Include="cpp\Programming-Documents\List">
      <UniqueIdentifier>{eb5488aa-db8a-473d-bf13-c857da5fc609}</UniqueIdentifier>
    </Filter>
    <Filter Include="cpp\Mail-Merge">
      <UniqueIdentifier>{ab3d2d95-d9fe-4628-a64a-33c944cb8f87}</UniqueIdentifier>
    </Filter>
    <Filter Include="cpp\Rendering-Printing">
      <UniqueIdentifier>{f28cbb4e-f3eb-43b6-9669-55c9515972f7}</UniqueIdentifier>
    </Filter>
    <Filter Include="cpp\Programming-Documents\Charts">
      <UniqueIdentifier>{91669ac3-9e05-4155-bb8a-fb8bfe323e9c}</UniqueIdentifier>
    </Filter>
    <Filter Include="cpp\Programming-Documents\Linked-Textboxes">
      <UniqueIdentifier>{ed5ad1e2-df97-4efd-94f5-b4a8459f0821}</UniqueIdentifier>
    </Filter>
  </ItemGroup>
  <ItemGroup>
    <ClCompile Include="cpp\main.cpp">
      <Filter>cpp</Filter>
    </ClCompile>
    <ClCompile Include="cpp\RunExamples.cpp">
      <Filter>cpp</Filter>
    </ClCompile>
    <ClCompile Include="cpp\Quick-Start\ApplyLicense.cpp">
      <Filter>cpp\Quick-Start</Filter>
    </ClCompile>
    <ClCompile Include="cpp\Quick-Start\AppendDocuments.cpp">
      <Filter>cpp\Quick-Start</Filter>
    </ClCompile>
    <ClCompile Include="cpp\Quick-Start\FindAndReplace.cpp">
      <Filter>cpp\Quick-Start</Filter>
    </ClCompile>
    <ClCompile Include="cpp\Quick-Start\HelloWorld.cpp">
      <Filter>cpp\Quick-Start</Filter>
    </ClCompile>
    <ClCompile Include="cpp\Quick-Start\WorkingWithNodes.cpp">
      <Filter>cpp\Quick-Start</Filter>
    </ClCompile>
    <ClCompile Include="cpp\Loading-and-Saving\LoadAndSaveToDisk.cpp">
      <Filter>cpp\Loading-and-Saving</Filter>
    </ClCompile>
    <ClCompile Include="cpp\Loading-and-Saving\LoadAndSaveToStream.cpp">
      <Filter>cpp\Loading-and-Saving</Filter>
    </ClCompile>
    <ClCompile Include="cpp\Loading-and-Saving\CreateDocument.cpp">
      <Filter>cpp\Loading-and-Saving</Filter>
    </ClCompile>
    <ClCompile Include="cpp\Loading-and-Saving\CheckFormat.cpp">
      <Filter>cpp\Loading-and-Saving</Filter>
    </ClCompile>
    <ClCompile Include="cpp\Loading-and-Saving\ConvertDocumentToByte.cpp">
      <Filter>cpp\Loading-and-Saving</Filter>
    </ClCompile>
    <ClCompile Include="cpp\Programming-Documents\Joining-Appending\SimpleAppendDocument.cpp">
      <Filter>cpp\Programming-Documents\Joining-Appending</Filter>
    </ClCompile>
    <ClCompile Include="cpp\Programming-Documents\Joining-Appending\KeepSourceFormatting.cpp">
      <Filter>cpp\Programming-Documents\Joining-Appending</Filter>
    </ClCompile>
    <ClCompile Include="cpp\Programming-Documents\Joining-Appending\UseDestinationStyles.cpp">
      <Filter>cpp\Programming-Documents\Joining-Appending</Filter>
    </ClCompile>
    <ClCompile Include="cpp\Programming-Documents\Joining-Appending\JoinContinuous.cpp">
      <Filter>cpp\Programming-Documents\Joining-Appending</Filter>
    </ClCompile>
    <ClCompile Include="cpp\Programming-Documents\Joining-Appending\JoinNewPage.cpp">
      <Filter>cpp\Programming-Documents\Joining-Appending</Filter>
    </ClCompile>
    <ClCompile Include="cpp\Programming-Documents\Joining-Appending\RestartPageNumbering.cpp">
      <Filter>cpp\Programming-Documents\Joining-Appending</Filter>
    </ClCompile>
    <ClCompile Include="cpp\Programming-Documents\Joining-Appending\LinkHeadersFooters.cpp">
      <Filter>cpp\Programming-Documents\Joining-Appending</Filter>
    </ClCompile>
    <ClCompile Include="cpp\Programming-Documents\Joining-Appending\UnlinkHeadersFooters.cpp">
      <Filter>cpp\Programming-Documents\Joining-Appending</Filter>
    </ClCompile>
    <ClCompile Include="cpp\Programming-Documents\Joining-Appending\RemoveSourceHeadersFooters.cpp">
      <Filter>cpp\Programming-Documents\Joining-Appending</Filter>
    </ClCompile>
    <ClCompile Include="cpp\Programming-Documents\Joining-Appending\DifferentPageSetup.cpp">
      <Filter>cpp\Programming-Documents\Joining-Appending</Filter>
    </ClCompile>
    <ClCompile Include="cpp\Programming-Documents\Joining-Appending\ListUseDestinationStyles.cpp">
      <Filter>cpp\Programming-Documents\Joining-Appending</Filter>
    </ClCompile>
    <ClCompile Include="cpp\Programming-Documents\Joining-Appending\ListKeepSourceFormatting.cpp">
      <Filter>cpp\Programming-Documents\Joining-Appending</Filter>
    </ClCompile>
    <ClCompile Include="cpp\Programming-Documents\Joining-Appending\KeepSourceTogether.cpp">
      <Filter>cpp\Programming-Documents\Joining-Appending</Filter>
    </ClCompile>
    <ClCompile Include="cpp\Programming-Documents\Joining-Appending\BaseDocument.cpp">
      <Filter>cpp\Programming-Documents\Joining-Appending</Filter>
    </ClCompile>
    <ClCompile Include="cpp\Programming-Documents\Joining-Appending\AppendDocumentManually.cpp">
      <Filter>cpp\Programming-Documents\Joining-Appending</Filter>
    </ClCompile>
    <ClCompile Include="cpp\Programming-Documents\Joining-Appending\PrependDocument.cpp">
      <Filter>cpp\Programming-Documents\Joining-Appending</Filter>
    </ClCompile>
    <ClCompile Include="cpp\Programming-Documents\Find-Replace\FindAndHighlight.cpp">
      <Filter>cpp\Programming-Documents\Find-Replace</Filter>
    </ClCompile>
    <ClCompile Include="cpp\Programming-Documents\Find-Replace\ReplaceWithString.cpp">
      <Filter>cpp\Programming-Documents\Find-Replace</Filter>
    </ClCompile>
    <ClCompile Include="cpp\Programming-Documents\Find-Replace\ReplaceWithRegex.cpp">
      <Filter>cpp\Programming-Documents\Find-Replace</Filter>
    </ClCompile>
    <ClCompile Include="cpp\Programming-Documents\Find-Replace\ReplaceWithEvaluator.cpp">
      <Filter>cpp\Programming-Documents\Find-Replace</Filter>
    </ClCompile>
    <ClCompile Include="cpp\Programming-Documents\Find-Replace\FindReplaceUsingMetaCharacters.cpp">
      <Filter>cpp\Programming-Documents\Find-Replace</Filter>
    </ClCompile>
    <ClCompile Include="cpp\Programming-Documents\Bookmarks\CopyBookmarkedText.cpp">
      <Filter>cpp\Programming-Documents\Bookmarks</Filter>
    </ClCompile>
    <ClCompile Include="cpp\Programming-Documents\Bookmarks\UntangleRowBookmarks.cpp">
      <Filter>cpp\Programming-Documents\Bookmarks</Filter>
    </ClCompile>
    <ClCompile Include="cpp\Programming-Documents\Bookmarks\BookmarkTable.cpp">
      <Filter>cpp\Programming-Documents\Bookmarks</Filter>
    </ClCompile>
    <ClCompile Include="cpp\Programming-Documents\Bookmarks\BookmarkNameAndText.cpp">
      <Filter>cpp\Programming-Documents\Bookmarks</Filter>
    </ClCompile>
    <ClCompile Include="cpp\Programming-Documents\Bookmarks\AccessBookmarks.cpp">
      <Filter>cpp\Programming-Documents\Bookmarks</Filter>
    </ClCompile>
    <ClCompile Include="cpp\Programming-Documents\Bookmarks\CreateBookmark.cpp">
      <Filter>cpp\Programming-Documents\Bookmarks</Filter>
    </ClCompile>
    <ClCompile Include="cpp\Programming-Documents\Sections\AddDeleteSection.cpp">
      <Filter>cpp\Programming-Documents\Sections</Filter>
    </ClCompile>
    <ClCompile Include="cpp\Programming-Documents\Document\WorkingWithFootnote.cpp">
      <Filter>cpp\Programming-Documents\Document</Filter>
    </ClCompile>
    <ClCompile Include="cpp\Programming-Documents\Sections\AppendSectionContent.cpp">
      <Filter>cpp\Programming-Documents\Sections</Filter>
    </ClCompile>
    <ClCompile Include="cpp\Programming-Documents\Sections\CloneSection.cpp">
      <Filter>cpp\Programming-Documents\Sections</Filter>
    </ClCompile>
    <ClCompile Include="cpp\Programming-Documents\Sections\CopySection.cpp">
      <Filter>cpp\Programming-Documents\Sections</Filter>
    </ClCompile>
    <ClCompile Include="cpp\Programming-Documents\Sections\DeleteHeaderFooterContent.cpp">
      <Filter>cpp\Programming-Documents\Sections</Filter>
    </ClCompile>
    <ClCompile Include="cpp\Programming-Documents\Sections\DeleteSectionContent.cpp">
      <Filter>cpp\Programming-Documents\Sections</Filter>
    </ClCompile>
    <ClCompile Include="cpp\Programming-Documents\Sections\SectionsAccessByIndex.cpp">
      <Filter>cpp\Programming-Documents\Sections</Filter>
    </ClCompile>
    <ClCompile Include="cpp\Programming-Documents\Comments\ProcessComments.cpp">
      <Filter>cpp\Programming-Documents\Comments</Filter>
    </ClCompile>
    <ClCompile Include="cpp\Programming-Documents\Comments\AddComments.cpp">
      <Filter>cpp\Programming-Documents\Comments</Filter>
    </ClCompile>
    <ClCompile Include="cpp\Programming-Documents\Comments\AnchorComment.cpp">
      <Filter>cpp\Programming-Documents\Comments</Filter>
    </ClCompile>
    <ClCompile Include="cpp\Programming-Documents\Comments\CommentReply.cpp">
      <Filter>cpp\Programming-Documents\Comments</Filter>
    </ClCompile>
    <ClCompile Include="cpp\Programming-Documents\Tables\AddRemoveColumn.cpp">
      <Filter>cpp\Programming-Documents\Tables</Filter>
    </ClCompile>
    <ClCompile Include="cpp\Programming-Documents\Tables\ApplyFormatting.cpp">
      <Filter>cpp\Programming-Documents\Tables</Filter>
    </ClCompile>
    <ClCompile Include="cpp\Programming-Documents\ConvertUtil\UtilityClasses.cpp">
      <Filter>cpp\Programming-Documents\ConvertUtil</Filter>
    </ClCompile>
    <ClCompile Include="cpp\Programming-Documents\Document\ExtractContentBetweenParagraphs.cpp">
      <Filter>cpp\Programming-Documents\Document</Filter>
    </ClCompile>
    <ClCompile Include="cpp\Programming-Documents\Document\Common.cpp">
      <Filter>cpp\Programming-Documents\Document</Filter>
    </ClCompile>
    <ClCompile Include="cpp\Programming-Documents\Document\ExtractContentBetweenBlockLevelNodes.cpp">
      <Filter>cpp\Programming-Documents\Document</Filter>
    </ClCompile>
    <ClCompile Include="cpp\Programming-Documents\Document\ExtractContentBetweenParagraphStyles.cpp">
      <Filter>cpp\Programming-Documents\Document</Filter>
    </ClCompile>
    <ClCompile Include="cpp\Programming-Documents\Document\ExtractContentBetweenBookmark.cpp">
      <Filter>cpp\Programming-Documents\Document</Filter>
    </ClCompile>
    <ClCompile Include="cpp\Programming-Documents\Tables\ApplyStyle.cpp">
      <Filter>cpp\Programming-Documents\Tables</Filter>
    </ClCompile>
    <ClCompile Include="cpp\Programming-Documents\Tables\AutoFitTableToContents.cpp">
      <Filter>cpp\Programming-Documents\Tables</Filter>
    </ClCompile>
    <ClCompile Include="cpp\Programming-Documents\Tables\AutoFitTableToFixedColumnWidths.cpp">
      <Filter>cpp\Programming-Documents\Tables</Filter>
    </ClCompile>
    <ClCompile Include="cpp\Programming-Documents\Tables\AutoFitTableToWindow.cpp">
      <Filter>cpp\Programming-Documents\Tables</Filter>
    </ClCompile>
    <ClCompile Include="cpp\Programming-Documents\Tables\CloneTable.cpp">
      <Filter>cpp\Programming-Documents\Tables</Filter>
    </ClCompile>
    <ClCompile Include="cpp\Programming-Documents\Tables\FindingIndex.cpp">
      <Filter>cpp\Programming-Documents\Tables</Filter>
    </ClCompile>
    <ClCompile Include="cpp\Programming-Documents\Tables\ExtractOrReplaceText.cpp">
      <Filter>cpp\Programming-Documents\Tables</Filter>
    </ClCompile>
    <ClCompile Include="cpp\Programming-Documents\Tables\InsertTableDirectly.cpp">
      <Filter>cpp\Programming-Documents\Tables</Filter>
    </ClCompile>
    <ClCompile Include="cpp\Programming-Documents\Tables\InsertTableUsingDocumentBuilder.cpp">
      <Filter>cpp\Programming-Documents\Tables</Filter>
    </ClCompile>
    <ClCompile Include="cpp\Programming-Documents\Tables\JoiningAndSplittingTable.cpp">
      <Filter>cpp\Programming-Documents\Tables</Filter>
    </ClCompile>
    <ClCompile Include="cpp\Programming-Documents\Tables\KeepTablesAndRowsBreaking.cpp">
      <Filter>cpp\Programming-Documents\Tables</Filter>
    </ClCompile>
    <ClCompile Include="cpp\Programming-Documents\Tables\MergedCells.cpp">
      <Filter>cpp\Programming-Documents\Tables</Filter>
    </ClCompile>
    <ClCompile Include="cpp\Programming-Documents\Tables\RepeatRowsOnSubsequentPages.cpp">
      <Filter>cpp\Programming-Documents\Tables</Filter>
    </ClCompile>
    <ClCompile Include="cpp\Programming-Documents\Document\ExtractContentBetweenCommentRange.cpp">
      <Filter>cpp\Programming-Documents\Document</Filter>
    </ClCompile>
    <ClCompile Include="cpp\Programming-Documents\Document\RemoveBreaks.cpp">
      <Filter>cpp\Programming-Documents\Document</Filter>
    </ClCompile>
    <ClCompile Include="cpp\Programming-Documents\Document\CloningDocument.cpp">
      <Filter>cpp\Programming-Documents\Document</Filter>
    </ClCompile>
    <ClCompile Include="cpp\Programming-Documents\Document\ProtectDocument.cpp">
      <Filter>cpp\Programming-Documents\Document</Filter>
    </ClCompile>
    <ClCompile Include="cpp\Programming-Documents\Document\AccessStyles.cpp">
      <Filter>cpp\Programming-Documents\Document</Filter>
    </ClCompile>
    <ClCompile Include="cpp\Programming-Documents\Document\GetVariables.cpp">
      <Filter>cpp\Programming-Documents\Document</Filter>
    </ClCompile>
    <ClCompile Include="cpp\Programming-Documents\Document\SetViewOption.cpp">
      <Filter>cpp\Programming-Documents\Document</Filter>
    </ClCompile>
    <ClCompile Include="cpp\Programming-Documents\Document\CreateHeaderFooterUsingDocBuilder.cpp">
      <Filter>cpp\Programming-Documents\Document</Filter>
    </ClCompile>
    <ClCompile Include="cpp\Programming-Documents\Document\RemoveFooters.cpp">
      <Filter>cpp\Programming-Documents\Document</Filter>
    </ClCompile>
    <ClCompile Include="cpp\Programming-Documents\Document\AddGroupShapeToDocument.cpp">
      <Filter>cpp\Programming-Documents\Document</Filter>
    </ClCompile>
    <ClCompile Include="cpp\Programming-Documents\Document\DocProperties.cpp">
      <Filter>cpp\Programming-Documents\Document</Filter>
    </ClCompile>
    <ClCompile Include="cpp\Programming-Documents\Document\WriteAndFont.cpp">
      <Filter>cpp\Programming-Documents\Document</Filter>
    </ClCompile>
    <ClCompile Include="cpp\Programming-Documents\Document\DocumentBuilderInsertParagraph.cpp">
      <Filter>cpp\Programming-Documents\Document</Filter>
    </ClCompile>
    <ClCompile Include="cpp\Programming-Documents\Document\DocumentBuilderBuildTable.cpp">
      <Filter>cpp\Programming-Documents\Document</Filter>
    </ClCompile>
    <ClCompile Include="cpp\Programming-Documents\Document\DocumentBuilderInsertBreak.cpp">
      <Filter>cpp\Programming-Documents\Document</Filter>
    </ClCompile>
    <ClCompile Include="cpp\Programming-Documents\Document\DocumentBuilderInsertImage.cpp">
      <Filter>cpp\Programming-Documents\Document</Filter>
    </ClCompile>
    <ClCompile Include="cpp\Programming-Documents\Document\DocumentBuilderInsertBookmark.cpp">
      <Filter>cpp\Programming-Documents\Document</Filter>
    </ClCompile>
    <ClCompile Include="cpp\Programming-Documents\Document\DocumentBuilderInsertElements.cpp">
      <Filter>cpp\Programming-Documents\Document</Filter>
    </ClCompile>
    <ClCompile Include="cpp\Programming-Documents\Document\DocumentBuilderSetFormatting.cpp">
      <Filter>cpp\Programming-Documents\Document</Filter>
    </ClCompile>
    <ClCompile Include="cpp\Programming-Documents\Document\DocumentBuilderMovingCursor.cpp">
      <Filter>cpp\Programming-Documents\Document</Filter>
    </ClCompile>
    <ClCompile Include="cpp\Programming-Documents\Document\InsertDoc.cpp">
      <Filter>cpp\Programming-Documents\Document</Filter>
    </ClCompile>
    <ClCompile Include="cpp\Programming-Documents\Document\DocumentBuilderInsertTCFieldsAtText.cpp">
      <Filter>cpp\Programming-Documents\Document</Filter>
    </ClCompile>
    <ClCompile Include="cpp\Programming-Documents\Document\RemoveTOCFromDocument.cpp">
      <Filter>cpp\Programming-Documents\Document</Filter>
    </ClCompile>
    <ClCompile Include="cpp\Programming-Documents\Document\SetCompatibilityOptions.cpp">
      <Filter>cpp\Programming-Documents\Document</Filter>
    </ClCompile>
    <ClCompile Include="cpp\Programming-Documents\Document\Setuplanguagepreferences.cpp">
      <Filter>cpp\Programming-Documents\Document</Filter>
    </ClCompile>
    <ClCompile Include="cpp\Programming-Documents\Document\ExtractContentBetweenRuns.cpp">
      <Filter>cpp\Programming-Documents\Document</Filter>
    </ClCompile>
    <ClCompile Include="cpp\Programming-Documents\Tables\SpecifyHeightAndWidth.cpp">
      <Filter>cpp\Programming-Documents\Tables</Filter>
    </ClCompile>
    <ClInclude Include="cpp\examples.h">
      <Filter>cpp</Filter>
    </ClInclude>
    <ClInclude Include="cpp\RunExamples.h">
      <Filter>cpp</Filter>
    </ClInclude>
    <ClInclude Include="cpp\Programming-Documents\Document\Common.h">
      <Filter>cpp\Programming-Documents\Document</Filter>
    </ClInclude>
    <ClCompile Include="cpp\Programming-Documents\Tables\TablePosition.cpp">
      <Filter>cpp\Programming-Documents\Tables</Filter>
    </ClCompile>
    <ClCompile Include="cpp\Programming-Documents\Fields\RemoveField.cpp">
      <Filter>cpp\Programming-Documents\Fields</Filter>
    </ClCompile>
    <ClCompile Include="cpp\Programming-Documents\Fields\SpecifylocaleAtFieldlevel.cpp">
      <Filter>cpp\Programming-Documents\Fields</Filter>
    </ClCompile>
    <ClCompile Include="cpp\Programming-Documents\Fields\InsertFormFields.cpp">
      <Filter>cpp\Programming-Documents\Fields</Filter>
    </ClCompile>
    <ClCompile Include="cpp\Programming-Documents\Fields\FormFieldsGetFormFieldsCollection.cpp">
      <Filter>cpp\Programming-Documents\Fields</Filter>
    </ClCompile>
    <ClCompile Include="cpp\Programming-Documents\Fields\FormFieldsGetByName.cpp">
      <Filter>cpp\Programming-Documents\Fields</Filter>
    </ClCompile>
    <ClCompile Include="cpp\Programming-Documents\Fields\FormFieldsWorkWithProperties.cpp">
      <Filter>cpp\Programming-Documents\Fields</Filter>
    </ClCompile>
    <ClCompile Include="cpp\Programming-Documents\Fields\RenameMergeFields.cpp">
      <Filter>cpp\Programming-Documents\Fields</Filter>
    </ClCompile>
    <ClCompile Include="cpp\Programming-Documents\Styles\ChangeStyleOfTOCLevel.cpp">
      <Filter>cpp\Programming-Documents\Styles</Filter>
    </ClCompile>
    <ClCompile Include="cpp\Programming-Documents\Styles\ChangeTOCTabStops.cpp">
      <Filter>cpp\Programming-Documents\Styles</Filter>
    </ClCompile>
    <ClCompile Include="cpp\Programming-Documents\Styles\ExtractContentBasedOnStyles.cpp">
      <Filter>cpp\Programming-Documents\Styles</Filter>
    </ClCompile>
    <ClCompile Include="cpp\Programming-Documents\Styles\InsertStyleSeparator.cpp">
      <Filter>cpp\Programming-Documents\Styles</Filter>
    </ClCompile>
    <ClCompile Include="cpp\Programming-Documents\Hyperlink\ReplaceHyperlinks.cpp">
      <Filter>cpp\Programming-Documents\Hyperlink</Filter>
    </ClCompile>
    <ClCompile Include="cpp\Programming-Documents\Node\ExNode.cpp">
      <Filter>cpp\Programming-Documents\Node</Filter>
    </ClCompile>
    <ClCompile Include="cpp\Programming-Documents\Ranges\RangesDeleteText.cpp">
      <Filter>cpp\Programming-Documents\Ranges</Filter>
    </ClCompile>
    <ClCompile Include="cpp\Programming-Documents\Ranges\RangesGetText.cpp">
      <Filter>cpp\Programming-Documents\Ranges</Filter>
    </ClCompile>
    <ClCompile Include="cpp\Programming-Documents\Images\AddWatermark.cpp">
      <Filter>cpp\Programming-Documents\Images</Filter>
    </ClCompile>
    <ClCompile Include="cpp\Programming-Documents\Images\RemoveWatermark.cpp">
      <Filter>cpp\Programming-Documents\Images</Filter>
    </ClCompile>
    <ClCompile Include="cpp\Programming-Documents\Images\CompressImages.cpp">
      <Filter>cpp\Programming-Documents\Images</Filter>
    </ClCompile>
    <ClCompile Include="cpp\Programming-Documents\Images\ExtractImagesToFiles.cpp">
      <Filter>cpp\Programming-Documents\Images</Filter>
    </ClCompile>
    <ClCompile Include="cpp\Programming-Documents\Document\WorkingWithRevisions.cpp">
      <Filter>cpp\Programming-Documents\Document</Filter>
    </ClCompile>
    <ClCompile Include="cpp\Quick-Start\UpdateFields.cpp">
      <Filter>cpp\Quick-Start</Filter>
    </ClCompile>
    <ClCompile Include="cpp\Quick-Start\ApplyLicenseFromFile.cpp">
      <Filter>cpp\Quick-Start</Filter>
    </ClCompile>
    <ClCompile Include="cpp\Quick-Start\ApplyLicenseFromStream.cpp">
      <Filter>cpp\Quick-Start</Filter>
    </ClCompile>
    <ClCompile Include="cpp\Loading-and-Saving\LoadTxt.cpp">
      <Filter>cpp\Loading-and-Saving</Filter>
    </ClCompile>
    <ClCompile Include="cpp\Loading-and-Saving\DetectDocumentSignatures.cpp">
      <Filter>cpp\Loading-and-Saving</Filter>
    </ClCompile>
    <ClCompile Include="cpp\Loading-and-Saving\WorkingWithTxt.cpp">
      <Filter>cpp\Loading-and-Saving</Filter>
    </ClCompile>
    <ClCompile Include="cpp\Loading-and-Saving\WorkingWithRTF.cpp">
      <Filter>cpp\Loading-and-Saving</Filter>
    </ClCompile>
    <ClCompile Include="cpp\Loading-and-Saving\Load_Options.cpp">
      <Filter>cpp\Loading-and-Saving</Filter>
    </ClCompile>
    <ClCompile Include="cpp\Programming-Documents\Find-Replace\ReplaceTextWithField.cpp">
      <Filter>cpp\Programming-Documents\Find-Replace</Filter>
    </ClCompile>
    <ClCompile Include="cpp\Programming-Documents\Shapes\WorkingWithShapes.cpp">
      <Filter>cpp\Programming-Documents\Shapes</Filter>
    </ClCompile>
    <ClCompile Include="cpp\Programming-Documents\Document\ExtractContentUsingField.cpp">
      <Filter>cpp\Programming-Documents\Document</Filter>
    </ClCompile>
    <ClCompile Include="cpp\Programming-Documents\Document\ExtractTextOnly.cpp">
      <Filter>cpp\Programming-Documents\Document</Filter>
    </ClCompile>
    <ClCompile Include="cpp\Programming-Documents\Document\DocumentBuilderInsertTOC.cpp">
      <Filter>cpp\Programming-Documents\Document</Filter>
    </ClCompile>
    <ClCompile Include="cpp\Programming-Documents\Document\DocumentBuilderInsertTCField.cpp">
      <Filter>cpp\Programming-Documents\Document</Filter>
    </ClCompile>
    <ClCompile Include="cpp\Programming-Documents\Document\CheckBoxTypeContentControl.cpp">
      <Filter>cpp\Programming-Documents\Document</Filter>
    </ClCompile>
    <ClCompile Include="cpp\Programming-Documents\Document\RichTextBoxContentControl.cpp">
      <Filter>cpp\Programming-Documents\Document</Filter>
    </ClCompile>
    <ClCompile Include="cpp\Programming-Documents\Document\ComboBoxContentControl.cpp">
      <Filter>cpp\Programming-Documents\Document</Filter>
    </ClCompile>
    <ClCompile Include="cpp\Programming-Documents\Document\UpdateContentControls.cpp">
      <Filter>cpp\Programming-Documents\Document</Filter>
    </ClCompile>
    <ClCompile Include="cpp\Programming-Documents\Document\CleansUnusedStylesandLists.cpp">
      <Filter>cpp\Programming-Documents\Document</Filter>
    </ClCompile>
    <ClCompile Include="cpp\Programming-Documents\Document\DocumentPageSetup.cpp">
      <Filter>cpp\Programming-Documents\Document</Filter>
    </ClCompile>
    <ClCompile Include="cpp\Programming-Documents\Fields\InsertNestedFields.cpp">
      <Filter>cpp\Programming-Documents\Fields</Filter>
    </ClCompile>
    <ClCompile Include="cpp\Programming-Documents\Fields\ChangeLocale.cpp">
      <Filter>cpp\Programming-Documents\Fields</Filter>
    </ClCompile>
    <ClCompile Include="cpp\Programming-Documents\Fields\UpdateDocFields.cpp">
      <Filter>cpp\Programming-Documents\Fields</Filter>
    </ClCompile>
    <ClCompile Include="cpp\Programming-Documents\Fields\UseOfficeMathProperties.cpp">
      <Filter>cpp\Programming-Documents\Fields</Filter>
    </ClCompile>
    <ClCompile Include="cpp\Programming-Documents\Fields\InsertMergeFieldUsingDOM.cpp">
      <Filter>cpp\Programming-Documents\Fields</Filter>
    </ClCompile>
    <ClCompile Include="cpp\Programming-Documents\Fields\InsertMailMergeAddressBlockFieldUsingDOM.cpp">
      <Filter>cpp\Programming-Documents\Fields</Filter>
    </ClCompile>
    <ClCompile Include="cpp\Programming-Documents\Fields\InsertAuthorField.cpp">
      <Filter>cpp\Programming-Documents\Fields</Filter>
    </ClCompile>
    <ClCompile Include="cpp\Programming-Documents\Fields\ChangeFieldUpdateCultureSource.cpp">
      <Filter>cpp\Programming-Documents\Fields</Filter>
    </ClCompile>
    <ClCompile Include="cpp\Programming-Documents\Fields\GetFieldNames.cpp">
      <Filter>cpp\Programming-Documents\Fields</Filter>
    </ClCompile>
    <ClCompile Include="cpp\Programming-Documents\Fields\InsertTOAFieldWithoutDocumentBuilder.cpp">
      <Filter>cpp\Programming-Documents\Fields</Filter>
    </ClCompile>
    <ClCompile Include="cpp\Programming-Documents\Fields\EvaluateIFCondition.cpp">
      <Filter>cpp\Programming-Documents\Fields</Filter>
    </ClCompile>
    <ClCompile Include="cpp\Programming-Documents\Fields\InsertAdvanceFieldWithoutDocumentBuilder.cpp">
      <Filter>cpp\Programming-Documents\Fields</Filter>
    </ClCompile>
    <ClCompile Include="cpp\Programming-Documents\Fields\InsertASKFieldWithoutDocumentBuilder.cpp">
      <Filter>cpp\Programming-Documents\Fields</Filter>
    </ClCompile>
    <ClCompile Include="cpp\Programming-Documents\Fields\ConvertFieldsInDocument.cpp">
      <Filter>cpp\Programming-Documents\Fields</Filter>
    </ClCompile>
    <ClCompile Include="cpp\Programming-Documents\Fields\ConvertFieldsInBody.cpp">
      <Filter>cpp\Programming-Documents\Fields</Filter>
    </ClCompile>
    <ClCompile Include="cpp\Programming-Documents\Fields\ConvertFieldsInParagraph.cpp">
      <Filter>cpp\Programming-Documents\Fields</Filter>
    </ClCompile>
    <ClCompile Include="cpp\Programming-Documents\Fields\FieldsHelper.cpp">
      <Filter>cpp\Programming-Documents\Fields</Filter>
    </ClCompile>
    <ClCompile Include="cpp\Programming-Documents\Images\InsertBarcodeImage.cpp">
      <Filter>cpp\Programming-Documents\Images</Filter>
    </ClCompile>
    <ClCompile Include="cpp\Programming-Documents\Theme\ManipulateThemeProperties.cpp">
      <Filter>cpp\Programming-Documents\Theme</Filter>
    </ClCompile>
    <ClCompile Include="cpp\Programming-Documents\StructuredDocumentTag\WorkingWithSDT.cpp">
      <Filter>cpp\Programming-Documents\StructuredDocumentTag</Filter>
    </ClCompile>
    <ClCompile Include="cpp\Programming-Documents\List\WorkingWithList.cpp">
      <Filter>cpp\Programming-Documents\List</Filter>
    </ClCompile>
    <ClCompile Include="cpp\Mail-Merge\SimpleMailMerge.cpp">
      <Filter>cpp\Mail-Merge</Filter>
    </ClCompile>
    <ClCompile Include="cpp\Mail-Merge\MailMergeFormFields.cpp">
      <Filter>cpp\Mail-Merge</Filter>
    </ClCompile>
    <ClCompile Include="cpp\Mail-Merge\ExecuteArray.cpp">
      <Filter>cpp\Mail-Merge</Filter>
    </ClCompile>
    <ClCompile Include="cpp\Mail-Merge\NestedMailMergeCustom.cpp">
      <Filter>cpp\Mail-Merge</Filter>
    </ClCompile>
    <ClCompile Include="cpp\Mail-Merge\HandleMailMergeSwitches.cpp">
      <Filter>cpp\Mail-Merge</Filter>
    </ClCompile>
    <ClCompile Include="cpp\Mail-Merge\MailMergeAndConditionalField.cpp">
      <Filter>cpp\Mail-Merge</Filter>
    </ClCompile>
    <ClCompile Include="cpp\stdafx.cpp" />
    <ClCompile Include="cpp\Loading-and-Saving\PageSplitter.cpp">
      <Filter>cpp\Loading-and-Saving</Filter>
    </ClCompile>
    <ClCompile Include="cpp\Programming-Documents\Document\WorkingWithSaveOptions.cpp">
      <Filter>cpp\Programming-Documents\Document</Filter>
    </ClCompile>
    <ClCompile Include="cpp\Programming-Documents\Find-Replace\ReplaceHtmlTextWithMetaCharacters.cpp">
      <Filter>cpp\Programming-Documents\Find-Replace</Filter>
    </ClCompile>
    <ClCompile Include="cpp\Rendering-Printing\DocumentLayoutHelper.cpp">
      <Filter>cpp\Rendering-Printing</Filter>
    </ClCompile>
    <ClCompile Include="cpp\Loading-and-Saving\ConvertDocumentToEPUB.cpp">
      <Filter>cpp\Loading-and-Saving</Filter>
    </ClCompile>
    <ClCompile Include="cpp\Loading-and-Saving\ConvertDocumentToHtmlWithRoundtrip.cpp">
      <Filter>cpp\Loading-and-Saving</Filter>
    </ClCompile>
    <ClCompile Include="cpp\Loading-and-Saving\Doc2Pdf.cpp">
      <Filter>cpp\Loading-and-Saving</Filter>
    </ClCompile>
    <ClCompile Include="cpp\Loading-and-Saving\ExportFontsAsBase64.cpp">
      <Filter>cpp\Loading-and-Saving</Filter>
    </ClCompile>
    <ClCompile Include="cpp\Loading-and-Saving\ExportResourcesUsingHtmlSaveOptions.cpp">
      <Filter>cpp\Loading-and-Saving</Filter>
    </ClCompile>
    <ClCompile Include="cpp\Loading-and-Saving\ImageToPdf.cpp">
      <Filter>cpp\Loading-and-Saving</Filter>
    </ClCompile>
    <ClCompile Include="cpp\Loading-and-Saving\LoadAndSaveHtmlFormFieldAsContentControlInDOCX.cpp">
      <Filter>cpp\Loading-and-Saving</Filter>
    </ClCompile>
    <ClCompile Include="cpp\Loading-and-Saving\SaveDocWithHtmlSaveOptions.cpp">
      <Filter>cpp\Loading-and-Saving</Filter>
    </ClCompile>
    <ClCompile Include="cpp\Loading-and-Saving\SpecifySaveOption.cpp">
      <Filter>cpp\Loading-and-Saving</Filter>
    </ClCompile>
    <ClCompile Include="cpp\Loading-and-Saving\SplitIntoHtmlPages.cpp">
      <Filter>cpp\Loading-and-Saving</Filter>
    </ClCompile>
    <ClCompile Include="cpp\Loading-and-Saving\WorkingWithOoxml.cpp">
      <Filter>cpp\Loading-and-Saving</Filter>
    </ClCompile>
    <ClCompile Include="cpp\Mail-Merge\MailMergeCleanUp.cpp">
      <Filter>cpp\Mail-Merge</Filter>
    </ClCompile>
    <ClCompile Include="cpp\Programming-Documents\Charts\ChartNumberFormat.cpp">
      <Filter>cpp\Programming-Documents\Charts</Filter>
    </ClCompile>
    <ClCompile Include="cpp\Programming-Documents\Charts\CreateChartUsingShape.cpp">
      <Filter>cpp\Programming-Documents\Charts</Filter>
    </ClCompile>
    <ClCompile Include="cpp\Programming-Documents\Charts\CreateColumnChart.cpp">
      <Filter>cpp\Programming-Documents\Charts</Filter>
    </ClCompile>
    <ClCompile Include="cpp\Programming-Documents\Charts\InsertAreaChart.cpp">
      <Filter>cpp\Programming-Documents\Charts</Filter>
    </ClCompile>
    <ClCompile Include="cpp\Programming-Documents\Charts\InsertBubbleChart.cpp">
      <Filter>cpp\Programming-Documents\Charts</Filter>
    </ClCompile>
    <ClCompile Include="cpp\Programming-Documents\Charts\InsertScatterChart.cpp">
      <Filter>cpp\Programming-Documents\Charts</Filter>
    </ClCompile>
    <ClCompile Include="cpp\Programming-Documents\Charts\WorkWithSingleChartDataPoint.cpp">
      <Filter>cpp\Programming-Documents\Charts</Filter>
    </ClCompile>
    <ClCompile Include="cpp\Programming-Documents\Charts\WorkWithSingleChartSeries.cpp">
      <Filter>cpp\Programming-Documents\Charts</Filter>
    </ClCompile>
    <ClCompile Include="cpp\Programming-Documents\Charts\WorkingWithChartAxis.cpp">
      <Filter>cpp\Programming-Documents\Charts</Filter>
    </ClCompile>
    <ClCompile Include="cpp\Programming-Documents\Comments\RemoveRegionText.cpp">
      <Filter>cpp\Programming-Documents\Comments</Filter>
    </ClCompile>
    <ClCompile Include="cpp\Programming-Documents\Document\PageNumbersOfNodes.cpp">
      <Filter>cpp\Programming-Documents\Document</Filter>
    </ClCompile>
    <ClCompile Include="cpp\Programming-Documents\Fields\FieldUpdateCulture.cpp">
      <Filter>cpp\Programming-Documents\Fields</Filter>
    </ClCompile>
    <ClCompile Include="cpp\Programming-Documents\Fields\FormatFieldResult.cpp">
      <Filter>cpp\Programming-Documents\Fields</Filter>
    </ClCompile>
    <ClCompile Include="cpp\Programming-Documents\Fields\InsertFieldNone.cpp">
      <Filter>cpp\Programming-Documents\Fields</Filter>
    </ClCompile>
    <ClCompile Include="cpp\Programming-Documents\Joining-Appending\ConvertNumPageFields.cpp">
      <Filter>cpp\Programming-Documents\Joining-Appending</Filter>
    </ClCompile>
    <ClCompile Include="cpp\Programming-Documents\Joining-Appending\UpdatePageLayout.cpp">
      <Filter>cpp\Programming-Documents\Joining-Appending</Filter>
    </ClCompile>
    <ClCompile Include="cpp\Programming-Documents\Styles\CopyStyles.cpp">
      <Filter>cpp\Programming-Documents\Styles</Filter>
    </ClCompile>
    <ClCompile Include="cpp\Programming-Documents\Tables\InsertTableFromHtml.cpp">
      <Filter>cpp\Programming-Documents\Tables</Filter>
    </ClCompile>
    <ClCompile Include="cpp\Rendering-Printing\EmbeddedFontsInPDF.cpp">
      <Filter>cpp\Rendering-Printing</Filter>
    </ClCompile>
    <ClCompile Include="cpp\Rendering-Printing\EmbeddingWindowsStandardFonts.cpp">
      <Filter>cpp\Rendering-Printing</Filter>
    </ClCompile>
    <ClCompile Include="cpp\Rendering-Printing\EnumerateLayoutElements.cpp">
      <Filter>cpp\Rendering-Printing</Filter>
    </ClCompile>
    <ClCompile Include="cpp\Rendering-Printing\HyphenateWordsOfLanguages.cpp">
      <Filter>cpp\Rendering-Printing</Filter>
    </ClCompile>
    <ClCompile Include="cpp\Rendering-Printing\ImageColorFilters.cpp">
      <Filter>cpp\Rendering-Printing</Filter>
    </ClCompile>
    <ClCompile Include="cpp\Rendering-Printing\LoadHyphenationDictionaryForLanguage.cpp">
      <Filter>cpp\Rendering-Printing</Filter>
    </ClCompile>
    <ClCompile Include="cpp\Rendering-Printing\ReceiveNotificationsOfFont.cpp">
      <Filter>cpp\Rendering-Printing</Filter>
    </ClCompile>
    <ClCompile Include="cpp\Rendering-Printing\RenderShape.cpp">
      <Filter>cpp\Rendering-Printing</Filter>
    </ClCompile>
    <ClCompile Include="cpp\Rendering-Printing\SaveAsMultipageTiff.cpp">
      <Filter>cpp\Rendering-Printing</Filter>
    </ClCompile>
    <ClCompile Include="cpp\Rendering-Printing\SetFontsFoldersMultipleFolders.cpp">
      <Filter>cpp\Rendering-Printing</Filter>
    </ClCompile>
    <ClCompile Include="cpp\Rendering-Printing\SetFontsFoldersSystemAndCustomFolder.cpp">
      <Filter>cpp\Rendering-Printing</Filter>
    </ClCompile>
    <ClCompile Include="cpp\Rendering-Printing\SetHorizontalAndVerticalImageResolution.cpp">
      <Filter>cpp\Rendering-Printing</Filter>
    </ClCompile>
    <ClCompile Include="cpp\Rendering-Printing\SetTrueTypeFontsFolder.cpp">
      <Filter>cpp\Rendering-Printing</Filter>
    </ClCompile>
    <ClCompile Include="cpp\Rendering-Printing\SpecifyDefaultFontWhenRendering.cpp">
      <Filter>cpp\Rendering-Printing</Filter>
    </ClCompile>
    <ClCompile Include="cpp\Rendering-Printing\WorkingWithFontSources.cpp">
      <Filter>cpp\Rendering-Printing</Filter>
    </ClCompile>
    <ClCompile Include="cpp\Rendering-Printing\WorkingWithPdfSaveOptions.cpp">
      <Filter>cpp\Rendering-Printing</Filter>
    </ClCompile>
    <ClCompile Include="cpp\Loading-and-Saving\SaveOptionsHtmlFixed.cpp">
      <Filter>cpp\Loading-and-Saving</Filter>
    </ClCompile>
    <ClCompile Include="cpp\Loading-and-Saving\ConvertDocumentToPCL.cpp">
      <Filter>cpp\Loading-and-Saving</Filter>
    </ClCompile>
    <ClCompile Include="cpp\Loading-and-Saving\WorkingWithDoc.cpp">
      <Filter>cpp\Loading-and-Saving</Filter>
    </ClCompile>
    <ClCompile Include="cpp\Programming-Documents\Document\CheckDMLTextEffect.cpp">
      <Filter>cpp\Programming-Documents\Document</Filter>
    </ClCompile>
    <ClCompile Include="cpp\Programming-Documents\Document\ParagraphStyleSeparator.cpp">
      <Filter>cpp\Programming-Documents\Document</Filter>
    </ClCompile>
    <ClCompile Include="cpp\Programming-Documents\Document\WorkingWithMarkdownFeatures.cpp">
      <Filter>cpp\Programming-Documents\Document</Filter>
    </ClCompile>
    <ClCompile Include="cpp\Programming-Documents\Find-Replace\ReplaceWithHTML.cpp">
      <Filter>cpp\Programming-Documents\Find-Replace</Filter>
    </ClCompile>
    <ClCompile Include="cpp\Programming-Documents\Images\AddImageToEachPage.cpp">
      <Filter>cpp\Programming-Documents\Images</Filter>
    </ClCompile>
    <ClCompile Include="cpp\Programming-Documents\Linked-Textboxes\WorkingWithLinkedTextboxes.cpp">
      <Filter>cpp\Programming-Documents\Linked-Textboxes</Filter>
    </ClCompile>
    <ClCompile Include="cpp\Rendering-Printing\ResourceSteamFontSource.cpp">
      <Filter>cpp\Rendering-Printing</Filter>
    </ClCompile>
    <ClCompile Include="cpp\Loading-and-Saving\OpenEncryptedDocument.cpp">
      <Filter>cpp\Loading-and-Saving</Filter>
    </ClCompile>
    <ClCompile Include="cpp\Programming-Documents\Document\CompareDocument.cpp">
      <Filter>cpp\Programming-Documents\Document</Filter>
    </ClCompile>
    <ClCompile Include="cpp\Programming-Documents\Document\ExtractContentUsingDocumentVisitor.cpp">
      <Filter>cpp\Programming-Documents\Document</Filter>
    </ClCompile>
    <ClCompile Include="cpp\Programming-Documents\Document\GetFontLineSpacing.cpp">
      <Filter>cpp\Programming-Documents\Document</Filter>
    </ClCompile>
    <ClCompile Include="cpp\Loading-and-Saving\WorkingWithVbaMacros.cpp">
      <Filter>cpp\Loading-and-Saving</Filter>
    </ClCompile>
    <ClCompile Include="cpp\Programming-Documents\Document\WorkingWithWebExtension.cpp">
      <Filter>cpp\Programming-Documents\Document</Filter>
    </ClCompile>
    <ClCompile Include="cpp\Programming-Documents\Charts\WorkWithChartDataLabels.cpp">
      <Filter>cpp\Programming-Documents\Charts</Filter>
    </ClCompile>
    <ClCompile Include="cpp\Programming-Documents\Document\DocumentBuilderHorizontalRule.cpp">
      <Filter>cpp\Programming-Documents\Document</Filter>
    </ClCompile>
    <ClCompile Include="cpp\Programming-Documents\Fields\InsertIncludeFieldWithoutDocumentBuilder.cpp">
      <Filter>cpp\Programming-Documents\Fields</Filter>
    </ClCompile>
    <ClCompile Include="cpp\Programming-Documents\Document\WorkingWithRtfSaveOptions.cpp">
      <Filter>cpp\Programming-Documents\Document</Filter>
    </ClCompile>
    <ClCompile Include="cpp\Programming-Documents\Find-Replace\UsingLegacyOrder.cpp">
      <Filter>cpp\Programming-Documents\Find-Replace</Filter>
    </ClCompile>
    <ClCompile Include="cpp\Programming-Documents\Document\ExtractTableOfContents.cpp">
      <Filter>cpp\Programming-Documents\Document</Filter>
    </ClCompile>
    <ClCompile Include="cpp\Programming-Documents\Find-Replace\IgnoreText.cpp">
      <Filter>cpp\Programming-Documents\Find-Replace</Filter>
    </ClCompile>
    <ClCompile Include="cpp\Programming-Documents\Fields\InsertFields.cpp">
      <Filter>cpp\Programming-Documents\Fields</Filter>
    </ClCompile>
    <ClCompile Include="cpp\Mail-Merge\MailMergeImageField.cpp">
      <Filter>cpp\Mail-Merge</Filter>
    </ClCompile>
    <ClCompile Include="cpp\Rendering-Printing\SaveDocumentToJPEG.cpp">
      <Filter>cpp\Rendering-Printing</Filter>
    </ClCompile>
    <ClCompile Include="cpp\Rendering-Printing\WorkingWithFontSettings.cpp">
      <Filter>cpp\Rendering-Printing</Filter>
    </ClCompile>
  </ItemGroup>
  <ItemGroup>
    <ClInclude Include="cpp\Programming-Documents\Fields\FieldsHelper.h">
      <Filter>cpp\Programming-Documents\Fields</Filter>
    </ClInclude>
  </ItemGroup>
  <ItemGroup>
    <ClInclude Include="cpp\stdafx.h" />
    <ClInclude Include="cpp\pch\aspose_pch.h" />
    <ClInclude Include="cpp\pch\pch.h" />
  </ItemGroup>
  <ItemGroup>
    <None Include="packages.config" />
  </ItemGroup>
  <ItemGroup>
    <Natvis Include="$(MSBuildThisFileDirectory)tools\aspose_types.natvis" />
  </ItemGroup>
</Project>